
Microsoft Visual Studio Solution File, Format Version 12.00
# Visual Studio Version 16
VisualStudioVersion = 16.0.29519.87
MinimumVisualStudioVersion = 10.0.40219.1
Project("{FAE04EC0-301F-11D3-BF4B-00C04F79EFBC}") = "MeetingCoordinator", "MeetingCoordinator\MeetingCoordinator.csproj", "{0B819209-A692-4431-B98E-E961ED6B847B}"
EndProject
Global
	GlobalSection(SolutionConfigurationPlatforms) = preSolution
		Debug|Any CPU = Debug|Any CPU
		Release|Any CPU = Release|Any CPU
	EndGlobalSection
	GlobalSection(ProjectConfigurationPlatforms) = postSolution
		{0B819209-A692-4431-B98E-E961ED6B847B}.Debug|Any CPU.ActiveCfg = Debug|Any CPU
		{0B819209-A692-4431-B98E-E961ED6B847B}.Debug|Any CPU.Build.0 = Debug|Any CPU
		{0B819209-A692-4431-B98E-E961ED6B847B}.Release|Any CPU.ActiveCfg = Release|Any CPU
		{0B819209-A692-4431-B98E-E961ED6B847B}.Release|Any CPU.Build.0 = Release|Any CPU
	EndGlobalSection
	GlobalSection(SolutionProperties) = preSolution
		HideSolutionNode = FALSE
	EndGlobalSection
	GlobalSection(ExtensibilityGlobals) = postSolution
		SolutionGuid = {B0BA6B0F-8F75-4151-9CE5-91E75703E960}
	EndGlobalSection
EndGlobal
